
Microsoft Visual Studio Solution File, Format Version 12.00
# Visual Studio Version 17
VisualStudioVersion = 17.11.35327.3
MinimumVisualStudioVersion = 10.0.40219.1
Project("{2150E333-8FDC-42A3-9474-1A3956D46DE8}") = "Adapters", "Adapters", "{D253CD9B-E433-4BF5-A694-5289F595D7B5}"
EndProject
Project("{2150E333-8FDC-42A3-9474-1A3956D46DE8}") = "src", "src", "{511EF3FD-269E-4AD3-A529-4603F89CAD43}"
EndProject
Project("{2150E333-8FDC-42A3-9474-1A3956D46DE8}") = "Core", "Core", "{46C6D4C4-FC78-4191-BDF8-AB0A03B8925B}"
EndProject
Project("{2150E333-8FDC-42A3-9474-1A3956D46DE8}") = "Ports", "Ports", "{03029263-5D2A-40A5-8D20-CAE2C6C7BCFD}"
EndProject
Project("{9A19103F-16F7-4668-BE54-9A1E7A4F7556}") = "Infra.DataBase", "src\Adapters\Infra.DataBase\Infra.DataBase.csproj", "{751A0976-48C1-4E9D-A62D-B4BCE2A67351}"
EndProject
Project("{9A19103F-16F7-4668-BE54-9A1E7A4F7556}") = "Api", "src\Ports\Api\Api.csproj", "{62649A59-8B73-4A79-931D-23E2AF49AF56}"
EndProject
Project("{9A19103F-16F7-4668-BE54-9A1E7A4F7556}") = "Application", "src\Core\Application\Application.csproj", "{1B95B751-153B-4FD2-845D-B06A604344B5}"
EndProject
Project("{9A19103F-16F7-4668-BE54-9A1E7A4F7556}") = "Domain", "src\Core\Domain\Domain.csproj", "{1486E8BF-7310-4F8D-A9B2-6DF9DE0FC49D}"
EndProject
Project("{2150E333-8FDC-42A3-9474-1A3956D46DE8}") = "tests", "tests", "{B5B458EE-6A93-4C37-A6AE-687FE8AFE89A}"
EndProject
Project("{2150E333-8FDC-42A3-9474-1A3956D46DE8}") = "solution-itens", "solution-itens", "{EAC2D832-DF91-435A-B859-6C9F21A1200E}"
	ProjectSection(SolutionItems) = preProject
		docker-compose.yaml = docker-compose.yaml
		README.md = README.md
	EndProjectSection
EndProject
Project("{FAE04EC0-301F-11D3-BF4B-00C04F79EFBC}") = "UnitTests", "UnitTests\UnitTests.csproj", "{A5275376-BBD5-447D-9E2E-CCE182B57B3B}"
EndProject
Project("{FAE04EC0-301F-11D3-BF4B-00C04F79EFBC}") = "CrossCutting", "CrossCutting\CrossCutting.csproj", "{CB5A99E8-0B99-473F-8405-FDC884A3A037}"
EndProject
Global
	GlobalSection(SolutionConfigurationPlatforms) = preSolution
		Debug|Any CPU = Debug|Any CPU
		Release|Any CPU = Release|Any CPU
	EndGlobalSection
	GlobalSection(ProjectConfigurationPlatforms) = postSolution
		{751A0976-48C1-4E9D-A62D-B4BCE2A67351}.Debug|Any CPU.ActiveCfg = Debug|Any CPU
		{751A0976-48C1-4E9D-A62D-B4BCE2A67351}.Debug|Any CPU.Build.0 = Debug|Any CPU
		{751A0976-48C1-4E9D-A62D-B4BCE2A67351}.Release|Any CPU.ActiveCfg = Release|Any CPU
		{751A0976-48C1-4E9D-A62D-B4BCE2A67351}.Release|Any CPU.Build.0 = Release|Any CPU
		{62649A59-8B73-4A79-931D-23E2AF49AF56}.Debug|Any CPU.ActiveCfg = Debug|Any CPU
		{62649A59-8B73-4A79-931D-23E2AF49AF56}.Debug|Any CPU.Build.0 = Debug|Any CPU
		{62649A59-8B73-4A79-931D-23E2AF49AF56}.Release|Any CPU.ActiveCfg = Release|Any CPU
		{62649A59-8B73-4A79-931D-23E2AF49AF56}.Release|Any CPU.Build.0 = Release|Any CPU
		{1B95B751-153B-4FD2-845D-B06A604344B5}.Debug|Any CPU.ActiveCfg = Debug|Any CPU
		{1B95B751-153B-4FD2-845D-B06A604344B5}.Debug|Any CPU.Build.0 = Debug|Any CPU
		{1B95B751-153B-4FD2-845D-B06A604344B5}.Release|Any CPU.ActiveCfg = Release|Any CPU
		{1B95B751-153B-4FD2-845D-B06A604344B5}.Release|Any CPU.Build.0 = Release|Any CPU
		{1486E8BF-7310-4F8D-A9B2-6DF9DE0FC49D}.Debug|Any CPU.ActiveCfg = Debug|Any CPU
		{1486E8BF-7310-4F8D-A9B2-6DF9DE0FC49D}.Debug|Any CPU.Build.0 = Debug|Any CPU
		{1486E8BF-7310-4F8D-A9B2-6DF9DE0FC49D}.Release|Any CPU.ActiveCfg = Release|Any CPU
		{1486E8BF-7310-4F8D-A9B2-6DF9DE0FC49D}.Release|Any CPU.Build.0 = Release|Any CPU
		{A5275376-BBD5-447D-9E2E-CCE182B57B3B}.Debug|Any CPU.ActiveCfg = Debug|Any CPU
		{A5275376-BBD5-447D-9E2E-CCE182B57B3B}.Debug|Any CPU.Build.0 = Debug|Any CPU
		{A5275376-BBD5-447D-9E2E-CCE182B57B3B}.Release|Any CPU.ActiveCfg = Release|Any CPU
		{A5275376-BBD5-447D-9E2E-CCE182B57B3B}.Release|Any CPU.Build.0 = Release|Any CPU
		{CB5A99E8-0B99-473F-8405-FDC884A3A037}.Debug|Any CPU.ActiveCfg = Debug|Any CPU
		{CB5A99E8-0B99-473F-8405-FDC884A3A037}.Debug|Any CPU.Build.0 = Debug|Any CPU
		{CB5A99E8-0B99-473F-8405-FDC884A3A037}.Release|Any CPU.ActiveCfg = Release|Any CPU
		{CB5A99E8-0B99-473F-8405-FDC884A3A037}.Release|Any CPU.Build.0 = Release|Any CPU
	EndGlobalSection
	GlobalSection(SolutionProperties) = preSolution
		HideSolutionNode = FALSE
	EndGlobalSection
	GlobalSection(NestedProjects) = preSolution
		{D253CD9B-E433-4BF5-A694-5289F595D7B5} = {511EF3FD-269E-4AD3-A529-4603F89CAD43}
		{46C6D4C4-FC78-4191-BDF8-AB0A03B8925B} = {511EF3FD-269E-4AD3-A529-4603F89CAD43}
		{03029263-5D2A-40A5-8D20-CAE2C6C7BCFD} = {511EF3FD-269E-4AD3-A529-4603F89CAD43}
		{751A0976-48C1-4E9D-A62D-B4BCE2A67351} = {D253CD9B-E433-4BF5-A694-5289F595D7B5}
		{62649A59-8B73-4A79-931D-23E2AF49AF56} = {03029263-5D2A-40A5-8D20-CAE2C6C7BCFD}
		{1B95B751-153B-4FD2-845D-B06A604344B5} = {46C6D4C4-FC78-4191-BDF8-AB0A03B8925B}
		{1486E8BF-7310-4F8D-A9B2-6DF9DE0FC49D} = {46C6D4C4-FC78-4191-BDF8-AB0A03B8925B}
		{A5275376-BBD5-447D-9E2E-CCE182B57B3B} = {B5B458EE-6A93-4C37-A6AE-687FE8AFE89A}
		{CB5A99E8-0B99-473F-8405-FDC884A3A037} = {46C6D4C4-FC78-4191-BDF8-AB0A03B8925B}
	EndGlobalSection
	GlobalSection(ExtensibilityGlobals) = postSolution
		SolutionGuid = {A8D52F2F-CEFD-429D-9F5D-A354BFA41742}
	EndGlobalSection
EndGlobal
