
Microsoft Visual Studio Solution File, Format Version 12.00
# Visual Studio Version 17
VisualStudioVersion = 17.11.35327.3
MinimumVisualStudioVersion = 10.0.40219.1
Project("{FAE04EC0-301F-11D3-BF4B-00C04F79EFBC}") = "API", "API\API.csproj", "{DF353317-32CB-44DB-81DB-4E91CAB082D3}"
EndProject
Project("{2150E333-8FDC-42A3-9474-1A3956D46DE8}") = "Adapters", "Adapters", "{D253CD9B-E433-4BF5-A694-5289F595D7B5}"
EndProject
Project("{2150E333-8FDC-42A3-9474-1A3956D46DE8}") = "Driving", "Driving", "{66118DF9-0BB9-431B-AD68-B97A6379EBF8}"
EndProject
Project("{2150E333-8FDC-42A3-9474-1A3956D46DE8}") = "Driven", "Driven", "{F6A4ABB4-1C79-490E-8625-B33647B7DE4A}"
EndProject
Project("{2150E333-8FDC-42A3-9474-1A3956D46DE8}") = "src", "src", "{511EF3FD-269E-4AD3-A529-4603F89CAD43}"
EndProject
Project("{2150E333-8FDC-42A3-9474-1A3956D46DE8}") = "Core", "Core", "{46C6D4C4-FC78-4191-BDF8-AB0A03B8925B}"
EndProject
Project("{FAE04EC0-301F-11D3-BF4B-00C04F79EFBC}") = "Application", "Application\Application.csproj", "{25CC83DB-B050-4777-8A63-1B51B83AE666}"
EndProject
Project("{FAE04EC0-301F-11D3-BF4B-00C04F79EFBC}") = "Domain", "Domain\Domain.csproj", "{BFCA95E1-8951-47B7-B4AB-A9D4B4CF6003}"
EndProject
Project("{FAE04EC0-301F-11D3-BF4B-00C04F79EFBC}") = "Infra.DataBase", "Infra.DataBase\Infra.DataBase.csproj", "{C7AD3BD8-2C20-434E-91FE-A99CD042080D}"
EndProject
Global
	GlobalSection(SolutionConfigurationPlatforms) = preSolution
		Debug|Any CPU = Debug|Any CPU
		Release|Any CPU = Release|Any CPU
	EndGlobalSection
	GlobalSection(ProjectConfigurationPlatforms) = postSolution
		{DF353317-32CB-44DB-81DB-4E91CAB082D3}.Debug|Any CPU.ActiveCfg = Debug|Any CPU
		{DF353317-32CB-44DB-81DB-4E91CAB082D3}.Debug|Any CPU.Build.0 = Debug|Any CPU
		{DF353317-32CB-44DB-81DB-4E91CAB082D3}.Release|Any CPU.ActiveCfg = Release|Any CPU
		{DF353317-32CB-44DB-81DB-4E91CAB082D3}.Release|Any CPU.Build.0 = Release|Any CPU
		{25CC83DB-B050-4777-8A63-1B51B83AE666}.Debug|Any CPU.ActiveCfg = Debug|Any CPU
		{25CC83DB-B050-4777-8A63-1B51B83AE666}.Debug|Any CPU.Build.0 = Debug|Any CPU
		{25CC83DB-B050-4777-8A63-1B51B83AE666}.Release|Any CPU.ActiveCfg = Release|Any CPU
		{25CC83DB-B050-4777-8A63-1B51B83AE666}.Release|Any CPU.Build.0 = Release|Any CPU
		{BFCA95E1-8951-47B7-B4AB-A9D4B4CF6003}.Debug|Any CPU.ActiveCfg = Debug|Any CPU
		{BFCA95E1-8951-47B7-B4AB-A9D4B4CF6003}.Debug|Any CPU.Build.0 = Debug|Any CPU
		{BFCA95E1-8951-47B7-B4AB-A9D4B4CF6003}.Release|Any CPU.ActiveCfg = Release|Any CPU
		{BFCA95E1-8951-47B7-B4AB-A9D4B4CF6003}.Release|Any CPU.Build.0 = Release|Any CPU
		{C7AD3BD8-2C20-434E-91FE-A99CD042080D}.Debug|Any CPU.ActiveCfg = Debug|Any CPU
		{C7AD3BD8-2C20-434E-91FE-A99CD042080D}.Debug|Any CPU.Build.0 = Debug|Any CPU
		{C7AD3BD8-2C20-434E-91FE-A99CD042080D}.Release|Any CPU.ActiveCfg = Release|Any CPU
		{C7AD3BD8-2C20-434E-91FE-A99CD042080D}.Release|Any CPU.Build.0 = Release|Any CPU
	EndGlobalSection
	GlobalSection(SolutionProperties) = preSolution
		HideSolutionNode = FALSE
	EndGlobalSection
	GlobalSection(NestedProjects) = preSolution
		{DF353317-32CB-44DB-81DB-4E91CAB082D3} = {66118DF9-0BB9-431B-AD68-B97A6379EBF8}
		{D253CD9B-E433-4BF5-A694-5289F595D7B5} = {511EF3FD-269E-4AD3-A529-4603F89CAD43}
		{66118DF9-0BB9-431B-AD68-B97A6379EBF8} = {D253CD9B-E433-4BF5-A694-5289F595D7B5}
		{F6A4ABB4-1C79-490E-8625-B33647B7DE4A} = {D253CD9B-E433-4BF5-A694-5289F595D7B5}
		{46C6D4C4-FC78-4191-BDF8-AB0A03B8925B} = {511EF3FD-269E-4AD3-A529-4603F89CAD43}
		{25CC83DB-B050-4777-8A63-1B51B83AE666} = {46C6D4C4-FC78-4191-BDF8-AB0A03B8925B}
		{BFCA95E1-8951-47B7-B4AB-A9D4B4CF6003} = {46C6D4C4-FC78-4191-BDF8-AB0A03B8925B}
		{C7AD3BD8-2C20-434E-91FE-A99CD042080D} = {F6A4ABB4-1C79-490E-8625-B33647B7DE4A}
	EndGlobalSection
	GlobalSection(ExtensibilityGlobals) = postSolution
		SolutionGuid = {A8D52F2F-CEFD-429D-9F5D-A354BFA41742}
	EndGlobalSection
EndGlobal
